
Microsoft Visual Studio Solution File, Format Version 12.00
# Visual Studio Version 17
VisualStudioVersion = 17.0.31903.59
MinimumVisualStudioVersion = 10.0.40219.1
Project("{9A19103F-16F7-4668-BE54-9A1E7A4F7556}") = "NidarosRTT.API", "NidarosRTT.API\NidarosRTT.API.csproj", "{53C379B5-48D7-4B77-B926-F371D42D53D7}"
EndProject
Project("{9A19103F-16F7-4668-BE54-9A1E7A4F7556}") = "NidarosRTT.Core", "NidarosRTT.Core\NidarosRTT.Core.csproj", "{5557EA4A-CAE2-4BFE-A547-714C3893DB46}"
EndProject
Project("{9A19103F-16F7-4668-BE54-9A1E7A4F7556}") = "NidarosRTT.Infrastructure", "NidarosRTT.Infrastructure\NidarosRTT.Infrastructure.csproj", "{15C76EAF-A404-470F-8A89-2D8A40367A61}"
EndProject
Project("{9A19103F-16F7-4668-BE54-9A1E7A4F7556}") = "NidarosRTT.Tests", "NidarosRTT.Tests\NidarosRTT.Tests.csproj", "{31C5F193-5DAA-4730-B24C-8321F777581A}"
EndProject
Global
	GlobalSection(SolutionConfigurationPlatforms) = preSolution
		Debug|Any CPU = Debug|Any CPU
		Debug|x64 = Debug|x64
		Debug|x86 = Debug|x86
		Release|Any CPU = Release|Any CPU
		Release|x64 = Release|x64
		Release|x86 = Release|x86
	EndGlobalSection
	GlobalSection(ProjectConfigurationPlatforms) = postSolution
		{53C379B5-48D7-4B77-B926-F371D42D53D7}.Debug|Any CPU.ActiveCfg = Debug|Any CPU
		{53C379B5-48D7-4B77-B926-F371D42D53D7}.Debug|Any CPU.Build.0 = Debug|Any CPU
		{53C379B5-48D7-4B77-B926-F371D42D53D7}.Debug|x64.ActiveCfg = Debug|Any CPU
		{53C379B5-48D7-4B77-B926-F371D42D53D7}.Debug|x64.Build.0 = Debug|Any CPU
		{53C379B5-48D7-4B77-B926-F371D42D53D7}.Debug|x86.ActiveCfg = Debug|Any CPU
		{53C379B5-48D7-4B77-B926-F371D42D53D7}.Debug|x86.Build.0 = Debug|Any CPU
		{53C379B5-48D7-4B77-B926-F371D42D53D7}.Release|Any CPU.ActiveCfg = Release|Any CPU
		{53C379B5-48D7-4B77-B926-F371D42D53D7}.Release|Any CPU.Build.0 = Release|Any CPU
		{53C379B5-48D7-4B77-B926-F371D42D53D7}.Release|x64.ActiveCfg = Release|Any CPU
		{53C379B5-48D7-4B77-B926-F371D42D53D7}.Release|x64.Build.0 = Release|Any CPU
		{53C379B5-48D7-4B77-B926-F371D42D53D7}.Release|x86.ActiveCfg = Release|Any CPU
		{53C379B5-48D7-4B77-B926-F371D42D53D7}.Release|x86.Build.0 = Release|Any CPU
		{5557EA4A-CAE2-4BFE-A547-714C3893DB46}.Debug|Any CPU.ActiveCfg = Debug|Any CPU
		{5557EA4A-CAE2-4BFE-A547-714C3893DB46}.Debug|Any CPU.Build.0 = Debug|Any CPU
		{5557EA4A-CAE2-4BFE-A547-714C3893DB46}.Debug|x64.ActiveCfg = Debug|Any CPU
		{5557EA4A-CAE2-4BFE-A547-714C3893DB46}.Debug|x64.Build.0 = Debug|Any CPU
		{5557EA4A-CAE2-4BFE-A547-714C3893DB46}.Debug|x86.ActiveCfg = Debug|Any CPU
		{5557EA4A-CAE2-4BFE-A547-714C3893DB46}.Debug|x86.Build.0 = Debug|Any CPU
		{5557EA4A-CAE2-4BFE-A547-714C3893DB46}.Release|Any CPU.ActiveCfg = Release|Any CPU
		{5557EA4A-CAE2-4BFE-A547-714C3893DB46}.Release|Any CPU.Build.0 = Release|Any CPU
		{5557EA4A-CAE2-4BFE-A547-714C3893DB46}.Release|x64.ActiveCfg = Release|Any CPU
		{5557EA4A-CAE2-4BFE-A547-714C3893DB46}.Release|x64.Build.0 = Release|Any CPU
		{5557EA4A-CAE2-4BFE-A547-714C3893DB46}.Release|x86.ActiveCfg = Release|Any CPU
		{5557EA4A-CAE2-4BFE-A547-714C3893DB46}.Release|x86.Build.0 = Release|Any CPU
		{15C76EAF-A404-470F-8A89-2D8A40367A61}.Debug|Any CPU.ActiveCfg = Debug|Any CPU
		{15C76EAF-A404-470F-8A89-2D8A40367A61}.Debug|Any CPU.Build.0 = Debug|Any CPU
		{15C76EAF-A404-470F-8A89-2D8A40367A61}.Debug|x64.ActiveCfg = Debug|Any CPU
		{15C76EAF-A404-470F-8A89-2D8A40367A61}.Debug|x64.Build.0 = Debug|Any CPU
		{15C76EAF-A404-470F-8A89-2D8A40367A61}.Debug|x86.ActiveCfg = Debug|Any CPU
		{15C76EAF-A404-470F-8A89-2D8A40367A61}.Debug|x86.Build.0 = Debug|Any CPU
		{15C76EAF-A404-470F-8A89-2D8A40367A61}.Release|Any CPU.ActiveCfg = Release|Any CPU
		{15C76EAF-A404-470F-8A89-2D8A40367A61}.Release|Any CPU.Build.0 = Release|Any CPU
		{15C76EAF-A404-470F-8A89-2D8A40367A61}.Release|x64.ActiveCfg = Release|Any CPU
		{15C76EAF-A404-470F-8A89-2D8A40367A61}.Release|x64.Build.0 = Release|Any CPU
		{15C76EAF-A404-470F-8A89-2D8A40367A61}.Release|x86.ActiveCfg = Release|Any CPU
		{15C76EAF-A404-470F-8A89-2D8A40367A61}.Release|x86.Build.0 = Release|Any CPU
		{31C5F193-5DAA-4730-B24C-8321F777581A}.Debug|Any CPU.ActiveCfg = Debug|Any CPU
		{31C5F193-5DAA-4730-B24C-8321F777581A}.Debug|Any CPU.Build.0 = Debug|Any CPU
		{31C5F193-5DAA-4730-B24C-8321F777581A}.Debug|x64.ActiveCfg = Debug|Any CPU
		{31C5F193-5DAA-4730-B24C-8321F777581A}.Debug|x64.Build.0 = Debug|Any CPU
		{31C5F193-5DAA-4730-B24C-8321F777581A}.Debug|x86.ActiveCfg = Debug|Any CPU
		{31C5F193-5DAA-4730-B24C-8321F777581A}.Debug|x86.Build.0 = Debug|Any CPU
		{31C5F193-5DAA-4730-B24C-8321F777581A}.Release|Any CPU.ActiveCfg = Release|Any CPU
		{31C5F193-5DAA-4730-B24C-8321F777581A}.Release|Any CPU.Build.0 = Release|Any CPU
		{31C5F193-5DAA-4730-B24C-8321F777581A}.Release|x64.ActiveCfg = Release|Any CPU
		{31C5F193-5DAA-4730-B24C-8321F777581A}.Release|x64.Build.0 = Release|Any CPU
		{31C5F193-5DAA-4730-B24C-8321F777581A}.Release|x86.ActiveCfg = Release|Any CPU
		{31C5F193-5DAA-4730-B24C-8321F777581A}.Release|x86.Build.0 = Release|Any CPU
	EndGlobalSection
	GlobalSection(SolutionProperties) = preSolution
		HideSolutionNode = FALSE
	EndGlobalSection
EndGlobal
